// !$*UTF8*$!
{
	archiveVersion = 1;
	classes = {
	};
	objectVersion = 46;
	objects = {

/* Begin PBXBuildFile section */
		EA6DB57A1DE401DB00F0AE4D /* AppDelegate.swift in Sources */ = {isa = PBXBuildFile; fileRef = EA6DB5791DE401DB00F0AE4D /* AppDelegate.swift */; };
		EA6DB57C1DE401DB00F0AE4D /* ViewController.swift in Sources */ = {isa = PBXBuildFile; fileRef = EA6DB57B1DE401DB00F0AE4D /* ViewController.swift */; };
		EA6DB57F1DE401DB00F0AE4D /* Main.storyboard in Resources */ = {isa = PBXBuildFile; fileRef = EA6DB57D1DE401DB00F0AE4D /* Main.storyboard */; };
		EA6DB5811DE401DB00F0AE4D /* Assets.xcassets in Resources */ = {isa = PBXBuildFile; fileRef = EA6DB5801DE401DB00F0AE4D /* Assets.xcassets */; };
		EA6DB5841DE401DB00F0AE4D /* LaunchScreen.storyboard in Resources */ = {isa = PBXBuildFile; fileRef = EA6DB5821DE401DB00F0AE4D /* LaunchScreen.storyboard */; };
/* End PBXBuildFile section */

/* Begin PBXFileReference section */
		EA6DB5761DE401DB00F0AE4D /* Pokedex.app */ = {isa = PBXFileReference; explicitFileType = wrapper.application; includeInIndex = 0; path = Pokedex.app; sourceTree = BUILT_PRODUCTS_DIR; };
		EA6DB5791DE401DB00F0AE4D /* AppDelegate.swift */ = {isa = PBXFileReference; lastKnownFileType = sourcecode.swift; path = AppDelegate.swift; sourceTree = "<group>"; };
		EA6DB57B1DE401DB00F0AE4D /* ViewController.swift */ = {isa = PBXFileReference; lastKnownFileType = sourcecode.swift; path = ViewController.swift; sourceTree = "<group>"; };
		EA6DB57E1DE401DB00F0AE4D /* Base */ = {isa = PBXFileReference; lastKnownFileType = file.storyboard; name = Base; path = Base.lproj/Main.storyboard; sourceTree = "<group>"; };
		EA6DB5801DE401DB00F0AE4D /* Assets.xcassets */ = {isa = PBXFileReference; lastKnownFileType = folder.assetcatalog; path = Assets.xcassets; sourceTree = "<group>"; };
		EA6DB5831DE401DB00F0AE4D /* Base */ = {isa = PBXFileReference; lastKnownFileType = file.storyboard; name = Base; path = Base.lproj/LaunchScreen.storyboard; sourceTree = "<group>"; };
		EA6DB5851DE401DB00F0AE4D /* Info.plist */ = {isa = PBXFileReference; lastKnownFileType = text.plist.xml; path = Info.plist; sourceTree = "<group>"; };
/* End PBXFileReference section */

/* Begin PBXFrameworksBuildPhase section */
		EA6DB5731DE401DB00F0AE4D /* Frameworks */ = {
			isa = PBXFrameworksBuildPhase;
			buildActionMask = 2147483647;
			files = (
			);
			runOnlyForDeploymentPostprocessing = 0;
		};
/* End PBXFrameworksBuildPhase section */

/* Begin PBXGroup section */
		EA6DB56D1DE401DB00F0AE4D = {
			isa = PBXGroup;
			children = (
				EA6DB5781DE401DB00F0AE4D /* Pokedex */,
				EA6DB5771DE401DB00F0AE4D /* Products */,
			);
			sourceTree = "<group>";
		};
		EA6DB5771DE401DB00F0AE4D /* Products */ = {
			isa = PBXGroup;
			children = (
				EA6DB5761DE401DB00F0AE4D /* Pokedex.app */,
			);
			name = Products;
			sourceTree = "<group>";
		};
		EA6DB5781DE401DB00F0AE4D /* Pokedex */ = {
			isa = PBXGroup;
			children = (
				EA6DB5791DE401DB00F0AE4D /* AppDelegate.swift */,
				EA6DB57B1DE401DB00F0AE4D /* ViewController.swift */,
				EA6DB57D1DE401DB00F0AE4D /* Main.storyboard */,
				EA6DB5801DE401DB00F0AE4D /* Assets.xcassets */,
				EA6DB5821DE401DB00F0AE4D /* LaunchScreen.storyboard */,
				EA6DB5851DE401DB00F0AE4D /* Info.plist */,
			);
			path = Pokedex;
			sourceTree = "<group>";
		};
/* End PBXGroup section */

/* Begin PBXNativeTarget section */
		EA6DB5751DE401DB00F0AE4D /* Pokedex */ = {
			isa = PBXNativeTarget;
			buildConfigurationList = EA6DB5881DE401DB00F0AE4D /* Build configuration list for PBXNativeTarget "Pokedex" */;
			buildPhases = (
				EA6DB5721DE401DB00F0AE4D /* Sources */,
				EA6DB5731DE401DB00F0AE4D /* Frameworks */,
				EA6DB5741DE401DB00F0AE4D /* Resources */,
			);
			buildRules = (
			);
			dependencies = (
			);
			name = Pokedex;
			productName = Pokedex;
			productReference = EA6DB5761DE401DB00F0AE4D /* Pokedex.app */;
			productType = "com.apple.product-type.application";
		};
/* End PBXNativeTarget section */

/* Begin PBXProject section */
		EA6DB56E1DE401DB00F0AE4D /* Project object */ = {
			isa = PBXProject;
			attributes = {
				LastSwiftUpdateCheck = 0810;
				LastUpgradeCheck = 0810;
				ORGANIZATIONNAME = KeySoftwareServices;
				TargetAttributes = {
					EA6DB5751DE401DB00F0AE4D = {
						CreatedOnToolsVersion = 8.1;
						DevelopmentTeam = 3DQQ86592F;
						ProvisioningStyle = Automatic;
					};
				};
			};
			buildConfigurationList = EA6DB5711DE401DB00F0AE4D /* Build configuration list for PBXProject "Pokedex" */;
			compatibilityVersion = "Xcode 3.2";
			developmentRegion = English;
			hasScannedForEncodings = 0;
			knownRegions = (
				en,
				Base,
			);
			mainGroup = EA6DB56D1DE401DB00F0AE4D;
			productRefGroup = EA6DB5771DE401DB00F0AE4D /* Products */;
			projectDirPath = "";
			projectRoot = "";
			targets = (
				EA6DB5751DE401DB00F0AE4D /* Pokedex */,
			);
		};
/* End PBXProject section */

/* Begin PBXResourcesBuildPhase section */
		EA6DB5741DE401DB00F0AE4D /* Resources */ = {
			isa = PBXResourcesBuildPhase;
			buildActionMask = 2147483647;
			files = (
				EA6DB5841DE401DB00F0AE4D /* LaunchScreen.storyboard in Resources */,
				EA6DB5811DE401DB00F0AE4D /* Assets.xcassets in Resources */,
				EA6DB57F1DE401DB00F0AE4D /* Main.storyboard in Resources */,
			);
			runOnlyForDeploymentPostprocessing = 0;
		};
/* End PBXResourcesBuildPhase section */

/* Begin PBXSourcesBuildPhase section */
		EA6DB5721DE401DB00F0AE4D /* Sources */ = {
			isa = PBXSourcesBuildPhase;
			buildActionMask = 2147483647;
			files = (
				EA6DB57C1DE401DB00F0AE4D /* ViewController.swift in Sources */,
				EA6DB57A1DE401DB00F0AE4D /* AppDelegate.swift in Sources */,
			);
			runOnlyForDeploymentPostprocessing = 0;
		};
/* End PBXSourcesBuildPhase section */

/* Begin PBXVariantGroup section */
		EA6DB57D1DE401DB00F0AE4D /* Main.storyboard */ = {
			isa = PBXVariantGroup;
			children = (
				EA6DB57E1DE401DB00F0AE4D /* Base */,
			);
			name = Main.storyboard;
			sourceTree = "<group>";
		};
		EA6DB5821DE401DB00F0AE4D /* LaunchScreen.storyboard */ = {
			isa = PBXVariantGroup;
			children = (
				EA6DB5831DE401DB00F0AE4D /* Base */,
			);
			name = LaunchScreen.storyboard;
			sourceTree = "<group>";
		};
/* End PBXVariantGroup section */

/* Begin XCBuildConfiguration section */
		EA6DB5861DE401DB00F0AE4D /* Debug */ = {
			isa = XCBuildConfiguration;
			buildSettings = {
				ALWAYS_SEARCH_USER_PATHS = NO;
				CLANG_ANALYZER_NONNULL = YES;
				CLANG_CXX_LANGUAGE_STANDARD = "gnu++0x";
				CLANG_CXX_LIBRARY = "libc++";
				CLANG_ENABLE_MODULES = YES;
				CLANG_ENABLE_OBJC_ARC = YES;
				CLANG_WARN_BOOL_CONVERSION = YES;
				CLANG_WARN_CONSTANT_CONVERSION = YES;
				CLANG_WARN_DIRECT_OBJC_ISA_USAGE = YES_ERROR;
				CLANG_WARN_DOCUMENTATION_COMMENTS = YES;
				CLANG_WARN_EMPTY_BODY = YES;
				CLANG_WARN_ENUM_CONVERSION = YES;
				CLANG_WARN_INFINITE_RECURSION = YES;
				CLANG_WARN_INT_CONVERSION = YES;
				CLANG_WARN_OBJC_ROOT_CLASS = YES_ERROR;
				CLANG_WARN_SUSPICIOUS_MOVES = YES;
				CLANG_WARN_UNREACHABLE_CODE = YES;
				CLANG_WARN__DUPLICATE_METHOD_MATCH = YES;
				"CODE_SIGN_IDENTITY[sdk=iphoneos*]" = "iPhone Developer";
				COPY_PHASE_STRIP = NO;
				DEBUG_INFORMATION_FORMAT = dwarf;
				ENABLE_STRICT_OBJC_MSGSEND = YES;
				ENABLE_TESTABILITY = YES;
				GCC_C_LANGUAGE_STANDARD = gnu99;
				GCC_DYNAMIC_NO_PIC = NO;
				GCC_NO_COMMON_BLOCKS = YES;
				GCC_OPTIMIZATION_LEVEL = 0;
				GCC_PREPROCESSOR_DEFINITIONS = (
					"DEBUG=1",
					"$(inherited)",
				);
				GCC_WARN_64_TO_32_BIT_CONVERSION = YES;
				GCC_WARN_ABOUT_RETURN_TYPE = YES_ERROR;
				GCC_WARN_UNDECLARED_SELECTOR = YES;
				GCC_WARN_UNINITIALIZED_AUTOS = YES_AGGRESSIVE;
				GCC_WARN_UNUSED_FUNCTION = YES;
				GCC_WARN_UNUSED_VARIABLE = YES;
				IPHONEOS_DEPLOYMENT_TARGET = 10.1;
				MTL_ENABLE_DEBUG_INFO = YES;
				ONLY_ACTIVE_ARCH = YES;
				SDKROOT = iphoneos;
				SWIFT_ACTIVE_COMPILATION_CONDITIONS = DEBUG;
				SWIFT_OPTIMIZATION_LEVEL = "-Onone";
			};
			name = Debug;
		};
		EA6DB5871DE401DB00F0AE4D /* Release */ = {
			isa = XCBuildConfiguration;
			buildSettings = {
				ALWAYS_SEARCH_USER_PATHS = NO;
				CLANG_ANALYZER_NONNULL = YES;
				CLANG_CXX_LANGUAGE_STANDARD = "gnu++0x";
				CLANG_CXX_LIBRARY = "libc++";
				CLANG_ENABLE_MODULES = YES;
				CLANG_ENABLE_OBJC_ARC = YES;
				CLANG_WARN_BOOL_CONVERSION = YES;
				CLANG_WARN_CONSTANT_CONVERSION = YES;
				CLANG_WARN_DIRECT_OBJC_ISA_USAGE = YES_ERROR;
				CLANG_WARN_DOCUMENTATION_COMMENTS = YES;
				CLANG_WARN_EMPTY_BODY = YES;
				CLANG_WARN_ENUM_CONVERSION = YES;
				CLANG_WARN_INFINITE_RECURSION = YES;
				CLANG_WARN_INT_CONVERSION = YES;
				CLANG_WARN_OBJC_ROOT_CLASS = YES_ERROR;
				CLANG_WARN_SUSPICIOUS_MOVES = YES;
				CLANG_WARN_UNREACHABLE_CODE = YES;
				CLANG_WARN__DUPLICATE_METHOD_MATCH = YES;
				"CODE_SIGN_IDENTITY[sdk=iphoneos*]" = "iPhone Developer";
				COPY_PHASE_STRIP = NO;
				DEBUG_INFORMATION_FORMAT = "dwarf-with-dsym";
				ENABLE_NS_ASSERTIONS = NO;
				ENABLE_STRICT_OBJC_MSGSEND = YES;
				GCC_C_LANGUAGE_STANDARD = gnu99;
				GCC_NO_COMMON_BLOCKS = YES;
				GCC_WARN_64_TO_32_BIT_CONVERSION = YES;
				GCC_WARN_ABOUT_RETURN_TYPE = YES_ERROR;
				GCC_WARN_UNDECLARED_SELECTOR = YES;
				GCC_WARN_UNINITIALIZED_AUTOS = YES_AGGRESSIVE;
				GCC_WARN_UNUSED_FUNCTION = YES;
				GCC_WARN_UNUSED_VARIABLE = YES;
				IPHONEOS_DEPLOYMENT_TARGET = 10.1;
				MTL_ENABLE_DEBUG_INFO = NO;
				SDKROOT = iphoneos;
				SWIFT_OPTIMIZATION_LEVEL = "-Owholemodule";
				VALIDATE_PRODUCT = YES;
			};
			name = Release;
		};
		EA6DB5891DE401DB00F0AE4D /* Debug */ = {
			isa = XCBuildConfiguration;
			buildSettings = {
				ASSETCATALOG_COMPILER_APPICON_NAME = AppIcon;
				DEVELOPMENT_TEAM = 3DQQ86592F;
				INFOPLIST_FILE = Pokedex/Info.plist;
				LD_RUNPATH_SEARCH_PATHS = "$(inherited) @executable_path/Frameworks";
				PRODUCT_BUNDLE_IDENTIFIER = KeySoftware.Pokedex;
				PRODUCT_NAME = "$(TARGET_NAME)";
				SWIFT_VERSION = 3.0;
			};
			name = Debug;
		};
		EA6DB58A1DE401DB00F0AE4D /* Release */ = {
			isa = XCBuildConfiguration;
			buildSettings = {
				ASSETCATALOG_COMPILER_APPICON_NAME = AppIcon;
				DEVELOPMENT_TEAM = 3DQQ86592F;
				INFOPLIST_FILE = Pokedex/Info.plist;
				LD_RUNPATH_SEARCH_PATHS = "$(inherited) @executable_path/Frameworks";
				PRODUCT_BUNDLE_IDENTIFIER = KeySoftware.Pokedex;
				PRODUCT_NAME = "$(TARGET_NAME)";
				SWIFT_VERSION = 3.0;
			};
			name = Release;
		};
/* End XCBuildConfiguration section */

/* Begin XCConfigurationList section */
		EA6DB5711DE401DB00F0AE4D /* Build configuration list for PBXProject "Pokedex" */ = {
			isa = XCConfigurationList;
			buildConfigurations = (
				EA6DB5861DE401DB00F0AE4D /* Debug */,
				EA6DB5871DE401DB00F0AE4D /* Release */,
			);
			defaultConfigurationIsVisible = 0;
			defaultConfigurationName = Release;
		};
		EA6DB5881DE401DB00F0AE4D /* Build configuration list for PBXNativeTarget "Pokedex" */ = {
			isa = XCConfigurationList;
			buildConfigurations = (
				EA6DB5891DE401DB00F0AE4D /* Debug */,
				EA6DB58A1DE401DB00F0AE4D /* Release */,
			);
			defaultConfigurationIsVisible = 0;
		};
/* End XCConfigurationList section */
	};
	rootObject = EA6DB56E1DE401DB00F0AE4D /* Project object */;
}
